
Microsoft Visual Studio Solution File, Format Version 12.00
# Visual Studio 2013
Project("{FAE04EC0-301F-11D3-BF4B-00C04F79EFBC}") = "UnityVS.simplerpg.CSharp", "UnityVS.simplerpg.CSharp.csproj", "{B25FA576-AB38-8988-8D62-0564CF0DD1D0}"
EndProject
Global
	GlobalSection(SolutionConfigurationPlatforms) = preSolution
		Debug|Any CPU = Debug|Any CPU
		Release|Any CPU = Release|Any CPU
	EndGlobalSection
	GlobalSection(ProjectConfigurationPlatforms) = postSolution
		{B25FA576-AB38-8988-8D62-0564CF0DD1D0}.Debug|Any CPU.ActiveCfg = Debug|Any CPU
		{B25FA576-AB38-8988-8D62-0564CF0DD1D0}.Debug|Any CPU.Build.0 = Debug|Any CPU
		{B25FA576-AB38-8988-8D62-0564CF0DD1D0}.Release|Any CPU.ActiveCfg = Release|Any CPU
		{B25FA576-AB38-8988-8D62-0564CF0DD1D0}.Release|Any CPU.Build.0 = Release|Any CPU
	EndGlobalSection
	GlobalSection(SolutionProperties) = preSolution
		HideSolutionNode = FALSE
	EndGlobalSection
EndGlobal
